
Microsoft Visual Studio Solution File, Format Version 12.00
# Visual Studio Version 17
VisualStudioVersion = 17.3.32929.385
MinimumVisualStudioVersion = 10.0.40219.1
Project("{FAE04EC0-301F-11D3-BF4B-00C04F79EFBC}") = "Multiplication table", "Multiplication table.csproj", "{A0FD6C13-7AED-4855-BABE-3C95B7A90DDA}"
EndProject
Global
	GlobalSection(SolutionConfigurationPlatforms) = preSolution
		Debug|Any CPU = Debug|Any CPU
		Release|Any CPU = Release|Any CPU
	EndGlobalSection
	GlobalSection(ProjectConfigurationPlatforms) = postSolution
		{A0FD6C13-7AED-4855-BABE-3C95B7A90DDA}.Debug|Any CPU.ActiveCfg = Debug|Any CPU
		{A0FD6C13-7AED-4855-BABE-3C95B7A90DDA}.Debug|Any CPU.Build.0 = Debug|Any CPU
		{A0FD6C13-7AED-4855-BABE-3C95B7A90DDA}.Release|Any CPU.ActiveCfg = Release|Any CPU
		{A0FD6C13-7AED-4855-BABE-3C95B7A90DDA}.Release|Any CPU.Build.0 = Release|Any CPU
	EndGlobalSection
	GlobalSection(SolutionProperties) = preSolution
		HideSolutionNode = FALSE
	EndGlobalSection
	GlobalSection(ExtensibilityGlobals) = postSolution
		SolutionGuid = {3027564A-9565-45E7-A0E9-EAFD01C90CBB}
	EndGlobalSection
EndGlobal
